
Microsoft Visual Studio Solution File, Format Version 12.00
# Visual Studio Version 17
VisualStudioVersion = 17.7.34024.191
MinimumVisualStudioVersion = 10.0.40219.1
Project("{9A19103F-16F7-4668-BE54-9A1E7A4F7556}") = "RockEngine", "RockEngine\RockEngine.csproj", "{002C6A0C-F76D-4891-8154-F9996CE74AAE}"
EndProject
Project("{9A19103F-16F7-4668-BE54-9A1E7A4F7556}") = "RockEngine.Tests", "RockEngine.Tests\RockEngine.Tests.csproj", "{584CF232-0851-4674-A5F3-55AA6742FF55}"
EndProject
Project("{9A19103F-16F7-4668-BE54-9A1E7A4F7556}") = "RockEngine.Generator", "RockEngine.Generator\RockEngine.Generator.csproj", "{6DB765B9-560F-4B39-BA93-CA5CC15279B6}"
EndProject
Project("{9A19103F-16F7-4668-BE54-9A1E7A4F7556}") = "RockEngine.Editor", "RockEngine.Editor\RockEngine.Editor.csproj", "{01B03E00-1DDA-4785-A5FD-28C0F13241D3}"
	ProjectSection(ProjectDependencies) = postProject
		{002C6A0C-F76D-4891-8154-F9996CE74AAE} = {002C6A0C-F76D-4891-8154-F9996CE74AAE}
	EndProjectSection
EndProject
Project("{FAE04EC0-301F-11D3-BF4B-00C04F79EFBC}") = "RockEngine.ShaderGenerator", "RockEngine.ShaderGenerator\RockEngine.ShaderGenerator.csproj", "{093F3888-0E19-41A8-AD73-04B8764B20EA}"
EndProject
Global
	GlobalSection(SolutionConfigurationPlatforms) = preSolution
		Debug|Any CPU = Debug|Any CPU
		Release|Any CPU = Release|Any CPU
	EndGlobalSection
	GlobalSection(ProjectConfigurationPlatforms) = postSolution
		{002C6A0C-F76D-4891-8154-F9996CE74AAE}.Debug|Any CPU.ActiveCfg = Debug|Any CPU
		{002C6A0C-F76D-4891-8154-F9996CE74AAE}.Debug|Any CPU.Build.0 = Debug|Any CPU
		{002C6A0C-F76D-4891-8154-F9996CE74AAE}.Release|Any CPU.ActiveCfg = Release|Any CPU
		{002C6A0C-F76D-4891-8154-F9996CE74AAE}.Release|Any CPU.Build.0 = Release|Any CPU
		{584CF232-0851-4674-A5F3-55AA6742FF55}.Debug|Any CPU.ActiveCfg = Debug|Any CPU
		{584CF232-0851-4674-A5F3-55AA6742FF55}.Debug|Any CPU.Build.0 = Debug|Any CPU
		{584CF232-0851-4674-A5F3-55AA6742FF55}.Release|Any CPU.ActiveCfg = Release|Any CPU
		{584CF232-0851-4674-A5F3-55AA6742FF55}.Release|Any CPU.Build.0 = Release|Any CPU
		{6DB765B9-560F-4B39-BA93-CA5CC15279B6}.Debug|Any CPU.ActiveCfg = Debug|Any CPU
		{6DB765B9-560F-4B39-BA93-CA5CC15279B6}.Debug|Any CPU.Build.0 = Debug|Any CPU
		{6DB765B9-560F-4B39-BA93-CA5CC15279B6}.Release|Any CPU.ActiveCfg = Release|Any CPU
		{6DB765B9-560F-4B39-BA93-CA5CC15279B6}.Release|Any CPU.Build.0 = Release|Any CPU
		{01B03E00-1DDA-4785-A5FD-28C0F13241D3}.Debug|Any CPU.ActiveCfg = Debug|Any CPU
		{01B03E00-1DDA-4785-A5FD-28C0F13241D3}.Debug|Any CPU.Build.0 = Debug|Any CPU
		{01B03E00-1DDA-4785-A5FD-28C0F13241D3}.Release|Any CPU.ActiveCfg = Release|Any CPU
		{01B03E00-1DDA-4785-A5FD-28C0F13241D3}.Release|Any CPU.Build.0 = Release|Any CPU
		{093F3888-0E19-41A8-AD73-04B8764B20EA}.Debug|Any CPU.ActiveCfg = Debug|Any CPU
		{093F3888-0E19-41A8-AD73-04B8764B20EA}.Debug|Any CPU.Build.0 = Debug|Any CPU
		{093F3888-0E19-41A8-AD73-04B8764B20EA}.Release|Any CPU.ActiveCfg = Release|Any CPU
		{093F3888-0E19-41A8-AD73-04B8764B20EA}.Release|Any CPU.Build.0 = Release|Any CPU
	EndGlobalSection
	GlobalSection(SolutionProperties) = preSolution
		HideSolutionNode = FALSE
	EndGlobalSection
	GlobalSection(ExtensibilityGlobals) = postSolution
		SolutionGuid = {EDFE991B-BB3E-418D-9040-3EEDD340F09D}
	EndGlobalSection
EndGlobal
